// !$*UTF8*$!
{
	archiveVersion = 1;
	classes = {
	};
	objectVersion = 46;
	objects = {

/* Begin PBXBuildFile section */
		1662F77D15DFDF7800DFCCCB /* Foundation.framework in Frameworks */ = {isa = PBXBuildFile; fileRef = 1662F77C15DFDF7800DFCCCB /* Foundation.framework */; };
		1662F78015DFDF7800DFCCCB /* contacts.m in Sources */ = {isa = PBXBuildFile; fileRef = 1662F77F15DFDF7800DFCCCB /* contacts.m */; };
		1662F78415DFDF7900DFCCCB /* contacts.1 in CopyFiles */ = {isa = PBXBuildFile; fileRef = 1662F78315DFDF7900DFCCCB /* contacts.1 */; };
		1662F78B15DFDFCB00DFCCCB /* AddressBook.framework in Frameworks */ = {isa = PBXBuildFile; fileRef = 1662F78A15DFDFCB00DFCCCB /* AddressBook.framework */; };
/* End PBXBuildFile section */

/* Begin PBXCopyFilesBuildPhase section */
		1662F77615DFDF7800DFCCCB /* CopyFiles */ = {
			isa = PBXCopyFilesBuildPhase;
			buildActionMask = 2147483647;
			dstPath = /usr/share/man/man1/;
			dstSubfolderSpec = 0;
			files = (
				1662F78415DFDF7900DFCCCB /* contacts.1 in CopyFiles */,
			);
			runOnlyForDeploymentPostprocessing = 1;
		};
/* End PBXCopyFilesBuildPhase section */

/* Begin PBXFileReference section */
		1623591E15E164AD007BFA78 /* Info.plist */ = {isa = PBXFileReference; fileEncoding = 4; lastKnownFileType = text.plist.xml; name = Info.plist; path = contacts/Info.plist; sourceTree = SOURCE_ROOT; };
		1623592515E183DD007BFA78 /* contacts.1.ronn */ = {isa = PBXFileReference; lastKnownFileType = text; path = contacts.1.ronn; sourceTree = "<group>"; };
		1662F77815DFDF7800DFCCCB /* contacts */ = {isa = PBXFileReference; explicitFileType = "compiled.mach-o.executable"; includeInIndex = 0; path = contacts; sourceTree = BUILT_PRODUCTS_DIR; };
		1662F77C15DFDF7800DFCCCB /* Foundation.framework */ = {isa = PBXFileReference; lastKnownFileType = wrapper.framework; name = Foundation.framework; path = System/Library/Frameworks/Foundation.framework; sourceTree = SDKROOT; };
		1662F77F15DFDF7800DFCCCB /* contacts.m */ = {isa = PBXFileReference; lastKnownFileType = sourcecode.c.objc; path = contacts.m; sourceTree = "<group>"; };
		1662F78215DFDF7800DFCCCB /* contacts-Prefix.pch */ = {isa = PBXFileReference; lastKnownFileType = sourcecode.c.h; path = "contacts-Prefix.pch"; sourceTree = "<group>"; };
		1662F78315DFDF7900DFCCCB /* contacts.1 */ = {isa = PBXFileReference; lastKnownFileType = text.man; path = contacts.1; sourceTree = "<group>"; };
		1662F78A15DFDFCB00DFCCCB /* AddressBook.framework */ = {isa = PBXFileReference; lastKnownFileType = wrapper.framework; name = AddressBook.framework; path = System/Library/Frameworks/AddressBook.framework; sourceTree = SDKROOT; };
/* End PBXFileReference section */

/* Begin PBXFrameworksBuildPhase section */
		1662F77515DFDF7800DFCCCB /* Frameworks */ = {
			isa = PBXFrameworksBuildPhase;
			buildActionMask = 2147483647;
			files = (
				1662F78B15DFDFCB00DFCCCB /* AddressBook.framework in Frameworks */,
				1662F77D15DFDF7800DFCCCB /* Foundation.framework in Frameworks */,
			);
			runOnlyForDeploymentPostprocessing = 0;
		};
/* End PBXFrameworksBuildPhase section */

/* Begin PBXGroup section */
		1662F76D15DFDF7800DFCCCB = {
			isa = PBXGroup;
			children = (
				1662F78A15DFDFCB00DFCCCB /* AddressBook.framework */,
				1662F77E15DFDF7800DFCCCB /* contacts */,
				1662F77B15DFDF7800DFCCCB /* Frameworks */,
				1662F77915DFDF7800DFCCCB /* Products */,
			);
			sourceTree = "<group>";
		};
		1662F77915DFDF7800DFCCCB /* Products */ = {
			isa = PBXGroup;
			children = (
				1662F77815DFDF7800DFCCCB /* contacts */,
			);
			name = Products;
			sourceTree = "<group>";
		};
		1662F77B15DFDF7800DFCCCB /* Frameworks */ = {
			isa = PBXGroup;
			children = (
				1662F77C15DFDF7800DFCCCB /* Foundation.framework */,
			);
			name = Frameworks;
			sourceTree = "<group>";
		};
		1662F77E15DFDF7800DFCCCB /* contacts */ = {
			isa = PBXGroup;
			children = (
				1623592515E183DD007BFA78 /* contacts.1.ronn */,
				1662F77F15DFDF7800DFCCCB /* contacts.m */,
				1662F78315DFDF7900DFCCCB /* contacts.1 */,
				1662F78115DFDF7800DFCCCB /* Supporting Files */,
			);
			path = contacts;
			sourceTree = "<group>";
		};
		1662F78115DFDF7800DFCCCB /* Supporting Files */ = {
			isa = PBXGroup;
			children = (
				1623591E15E164AD007BFA78 /* Info.plist */,
				1662F78215DFDF7800DFCCCB /* contacts-Prefix.pch */,
			);
			name = "Supporting Files";
			sourceTree = "<group>";
		};
/* End PBXGroup section */

/* Begin PBXNativeTarget section */
		1662F77715DFDF7800DFCCCB /* contacts */ = {
			isa = PBXNativeTarget;
			buildConfigurationList = 1662F78715DFDF7900DFCCCB /* Build configuration list for PBXNativeTarget "contacts" */;
			buildPhases = (
				1623590615E15D7E007BFA78 /* Run Script */,
				1662F77415DFDF7800DFCCCB /* Sources */,
				1662F77515DFDF7800DFCCCB /* Frameworks */,
				1662F77615DFDF7800DFCCCB /* CopyFiles */,
			);
			buildRules = (
			);
			dependencies = (
			);
			name = contacts;
			productName = contacts;
			productReference = 1662F77815DFDF7800DFCCCB /* contacts */;
			productType = "com.apple.product-type.tool";
		};
/* End PBXNativeTarget section */

/* Begin PBXProject section */
		1662F76F15DFDF7800DFCCCB /* Project object */ = {
			isa = PBXProject;
			attributes = {
				LastUpgradeCheck = 0440;
				ORGANIZATIONNAME = "Tim Gray";
			};
			buildConfigurationList = 1662F77215DFDF7800DFCCCB /* Build configuration list for PBXProject "contacts" */;
			compatibilityVersion = "Xcode 3.2";
			developmentRegion = English;
			hasScannedForEncodings = 0;
			knownRegions = (
				en,
			);
			mainGroup = 1662F76D15DFDF7800DFCCCB;
			productRefGroup = 1662F77915DFDF7800DFCCCB /* Products */;
			projectDirPath = "";
			projectRoot = "";
			targets = (
				1662F77715DFDF7800DFCCCB /* contacts */,
			);
		};
/* End PBXProject section */

/* Begin PBXShellScriptBuildPhase section */
		1623590615E15D7E007BFA78 /* Run Script */ = {
			isa = PBXShellScriptBuildPhase;
			buildActionMask = 2147483647;
			files = (
			);
			inputPaths = (
			);
			name = "Run Script";
			outputPaths = (
			);
			runOnlyForDeploymentPostprocessing = 0;
			shellPath = /bin/sh;
			shellScript = "# https://gist.github.com/2622886#file_gistfile1.sh\n# Assumes that you tag versions with the version number (e.g., \"1.1\") and then the build number is\n# that plus the number of commits since the tag (e.g., \"1.1.17\")\n\necho \"Updating version/build number from git...\"\nplist=${PROJECT_DIR}/${INFOPLIST_FILE}\n\n# increment the build number (ie 115 to 116)\nversionnum=`git describe | awk '{split($0,a,\"-\"); print a[1]}'`\n#buildnum=`git describe | awk '{split($0,a,\"g\"); print a[1]}'`\n\nif [[ \"${versionnum}\" == \"\" ]]; then\n#echo \"No version number from git\"\n#exit 2\nversionnum='0.0'\nfi\n\nif [[ \"${buildnum}\" == \"\" ]]; then\n#echo \"No build number from git\"\n#exit 2\nbuildnum=`git rev-parse --short HEAD`\nfi\n\n/usr/libexec/Plistbuddy -c \"Set CFBundleShortVersionString $versionnum\" \"${plist}\"\necho \"Updated version number to $versionnum\"\n\n/usr/libexec/Plistbuddy -c \"Set CFBundleVersion $buildnum\" \"${plist}\"\necho \"Updated build number to $buildnum\"";
		};
/* End PBXShellScriptBuildPhase section */

/* Begin PBXSourcesBuildPhase section */
		1662F77415DFDF7800DFCCCB /* Sources */ = {
			isa = PBXSourcesBuildPhase;
			buildActionMask = 2147483647;
			files = (
				1662F78015DFDF7800DFCCCB /* contacts.m in Sources */,
			);
			runOnlyForDeploymentPostprocessing = 0;
		};
/* End PBXSourcesBuildPhase section */

/* Begin XCBuildConfiguration section */
		1662F78515DFDF7900DFCCCB /* Debug */ = {
			isa = XCBuildConfiguration;
			buildSettings = {
				ALWAYS_SEARCH_USER_PATHS = NO;
				ARCHS = "$(ARCHS_STANDARD_64_BIT)";
				CLANG_CXX_LANGUAGE_STANDARD = "gnu++0x";
				CLANG_ENABLE_OBJC_ARC = YES;
				CLANG_WARN__DUPLICATE_METHOD_MATCH = YES;
				COPY_PHASE_STRIP = NO;
				GCC_C_LANGUAGE_STANDARD = gnu99;
				GCC_DYNAMIC_NO_PIC = NO;
				GCC_ENABLE_OBJC_EXCEPTIONS = YES;
				GCC_OPTIMIZATION_LEVEL = 0;
				GCC_PREPROCESSOR_DEFINITIONS = (
					"DEBUG=1",
					"$(inherited)",
				);
				GCC_SYMBOLS_PRIVATE_EXTERN = NO;
				GCC_WARN_64_TO_32_BIT_CONVERSION = YES;
				GCC_WARN_ABOUT_RETURN_TYPE = YES;
				GCC_WARN_UNINITIALIZED_AUTOS = YES;
				GCC_WARN_UNUSED_VARIABLE = YES;
				MACOSX_DEPLOYMENT_TARGET = 10.7;
				ONLY_ACTIVE_ARCH = YES;
				SDKROOT = macosx;
			};
			name = Debug;
		};
		1662F78615DFDF7900DFCCCB /* Release */ = {
			isa = XCBuildConfiguration;
			buildSettings = {
				ALWAYS_SEARCH_USER_PATHS = NO;
				ARCHS = "$(ARCHS_STANDARD_64_BIT)";
				CLANG_CXX_LANGUAGE_STANDARD = "gnu++0x";
				CLANG_ENABLE_OBJC_ARC = YES;
				CLANG_WARN__DUPLICATE_METHOD_MATCH = YES;
				COPY_PHASE_STRIP = YES;
				DEBUG_INFORMATION_FORMAT = "dwarf-with-dsym";
				GCC_C_LANGUAGE_STANDARD = gnu99;
				GCC_ENABLE_OBJC_EXCEPTIONS = YES;
				GCC_WARN_64_TO_32_BIT_CONVERSION = YES;
				GCC_WARN_ABOUT_RETURN_TYPE = YES;
				GCC_WARN_UNINITIALIZED_AUTOS = YES;
				GCC_WARN_UNUSED_VARIABLE = YES;
				MACOSX_DEPLOYMENT_TARGET = 10.7;
				SDKROOT = macosx;
			};
			name = Release;
		};
		1662F78815DFDF7900DFCCCB /* Debug */ = {
			isa = XCBuildConfiguration;
			buildSettings = {
				GCC_PRECOMPILE_PREFIX_HEADER = YES;
				GCC_PREFIX_HEADER = "contacts/contacts-Prefix.pch";
				INFOPLIST_FILE = contacts/Info.plist;
				OTHER_LDFLAGS = (
					"-sectcreate",
					__TEXT,
					__info_plist,
					"$(INFOPLIST_FILE)",
				);
				PRODUCT_NAME = "$(TARGET_NAME)";
			};
			name = Debug;
		};
		1662F78915DFDF7900DFCCCB /* Release */ = {
			isa = XCBuildConfiguration;
			buildSettings = {
				GCC_PRECOMPILE_PREFIX_HEADER = YES;
				GCC_PREFIX_HEADER = "contacts/contacts-Prefix.pch";
				INFOPLIST_FILE = contacts/Info.plist;
				OTHER_LDFLAGS = (
					"-sectcreate",
					__TEXT,
					__info_plist,
					"$(INFOPLIST_FILE)",
				);
				PRODUCT_NAME = "$(TARGET_NAME)";
			};
			name = Release;
		};
/* End XCBuildConfiguration section */

/* Begin XCConfigurationList section */
		1662F77215DFDF7800DFCCCB /* Build configuration list for PBXProject "contacts" */ = {
			isa = XCConfigurationList;
			buildConfigurations = (
				1662F78515DFDF7900DFCCCB /* Debug */,
				1662F78615DFDF7900DFCCCB /* Release */,
			);
			defaultConfigurationIsVisible = 0;
			defaultConfigurationName = Release;
		};
		1662F78715DFDF7900DFCCCB /* Build configuration list for PBXNativeTarget "contacts" */ = {
			isa = XCConfigurationList;
			buildConfigurations = (
				1662F78815DFDF7900DFCCCB /* Debug */,
				1662F78915DFDF7900DFCCCB /* Release */,
			);
			defaultConfigurationIsVisible = 0;
			defaultConfigurationName = Release;
		};
/* End XCConfigurationList section */
	};
	rootObject = 1662F76F15DFDF7800DFCCCB /* Project object */;
}
