// !$*UTF8*$!
{
	archiveVersion = 1;
	classes = {
	};
	objectVersion = 46;
	objects = {

/* Begin PBXAggregateTarget section */
		16BCB1BD1724183C002F740A /* Version Number Scripts */ = {
			isa = PBXAggregateTarget;
			buildConfigurationList = 16BCB1BE1724183C002F740A /* Build configuration list for PBXAggregateTarget "Version Number Scripts" */;
			buildPhases = (
				16BCB1C11724184C002F740A /* ShellScript */,
			);
			dependencies = (
			);
			name = "Version Number Scripts";
			productName = "Version Number Scripts";
		};
/* End PBXAggregateTarget section */

/* Begin PBXBuildFile section */
		1662F77D15DFDF7800DFCCCB /* Foundation.framework in Frameworks */ = {isa = PBXBuildFile; fileRef = 1662F77C15DFDF7800DFCCCB /* Foundation.framework */; };
		1662F78015DFDF7800DFCCCB /* contacts.m in Sources */ = {isa = PBXBuildFile; fileRef = 1662F77F15DFDF7800DFCCCB /* contacts.m */; };
		1662F78415DFDF7900DFCCCB /* contacts.1 in CopyFiles */ = {isa = PBXBuildFile; fileRef = 1662F78315DFDF7900DFCCCB /* contacts.1 */; };
		1662F78B15DFDFCB00DFCCCB /* AddressBook.framework in Frameworks */ = {isa = PBXBuildFile; fileRef = 1662F78A15DFDFCB00DFCCCB /* AddressBook.framework */; };
/* End PBXBuildFile section */

/* Begin PBXContainerItemProxy section */
		16BCB1C217241960002F740A /* PBXContainerItemProxy */ = {
			isa = PBXContainerItemProxy;
			containerPortal = 1662F76F15DFDF7800DFCCCB /* Project object */;
			proxyType = 1;
			remoteGlobalIDString = 16BCB1BD1724183C002F740A;
			remoteInfo = "Version Number Scripts";
		};
/* End PBXContainerItemProxy section */

/* Begin PBXCopyFilesBuildPhase section */
		1662F77615DFDF7800DFCCCB /* CopyFiles */ = {
			isa = PBXCopyFilesBuildPhase;
			buildActionMask = 2147483647;
			dstPath = /usr/share/man/man1/;
			dstSubfolderSpec = 0;
			files = (
				1662F78415DFDF7900DFCCCB /* contacts.1 in CopyFiles */,
			);
			runOnlyForDeploymentPostprocessing = 1;
		};
/* End PBXCopyFilesBuildPhase section */

/* Begin PBXFileReference section */
		1623591E15E164AD007BFA78 /* Info.plist */ = {isa = PBXFileReference; fileEncoding = 4; lastKnownFileType = text.plist.xml; name = Info.plist; path = contacts/Info.plist; sourceTree = SOURCE_ROOT; };
		1623592515E183DD007BFA78 /* contacts.1.ronn */ = {isa = PBXFileReference; lastKnownFileType = text; path = contacts.1.ronn; sourceTree = "<group>"; };
		1662F77815DFDF7800DFCCCB /* contacts */ = {isa = PBXFileReference; explicitFileType = "compiled.mach-o.executable"; includeInIndex = 0; path = contacts; sourceTree = BUILT_PRODUCTS_DIR; };
		1662F77C15DFDF7800DFCCCB /* Foundation.framework */ = {isa = PBXFileReference; lastKnownFileType = wrapper.framework; name = Foundation.framework; path = System/Library/Frameworks/Foundation.framework; sourceTree = SDKROOT; };
		1662F77F15DFDF7800DFCCCB /* contacts.m */ = {isa = PBXFileReference; lastKnownFileType = sourcecode.c.objc; path = contacts.m; sourceTree = "<group>"; };
		1662F78215DFDF7800DFCCCB /* contacts-Prefix.pch */ = {isa = PBXFileReference; lastKnownFileType = sourcecode.c.h; path = "contacts-Prefix.pch"; sourceTree = "<group>"; };
		1662F78315DFDF7900DFCCCB /* contacts.1 */ = {isa = PBXFileReference; lastKnownFileType = text.man; path = contacts.1; sourceTree = "<group>"; };
		1662F78A15DFDFCB00DFCCCB /* AddressBook.framework */ = {isa = PBXFileReference; lastKnownFileType = wrapper.framework; name = AddressBook.framework; path = System/Library/Frameworks/AddressBook.framework; sourceTree = SDKROOT; };
		16AA388317242DDA0097A235 /* Info-template.plist */ = {isa = PBXFileReference; fileEncoding = 4; lastKnownFileType = text.plist.xml; path = "Info-template.plist"; sourceTree = "<group>"; };
		C4710B6B25F2BD5A0093D31F /* Contacts.framework */ = {isa = PBXFileReference; lastKnownFileType = wrapper.framework; name = Contacts.framework; path = System/Library/Frameworks/Contacts.framework; sourceTree = SDKROOT; };
/* End PBXFileReference section */

/* Begin PBXFrameworksBuildPhase section */
		1662F77515DFDF7800DFCCCB /* Frameworks */ = {
			isa = PBXFrameworksBuildPhase;
			buildActionMask = 2147483647;
			files = (
				1662F78B15DFDFCB00DFCCCB /* AddressBook.framework in Frameworks */,
				1662F77D15DFDF7800DFCCCB /* Foundation.framework in Frameworks */,
			);
			runOnlyForDeploymentPostprocessing = 0;
		};
/* End PBXFrameworksBuildPhase section */

/* Begin PBXGroup section */
		1662F76D15DFDF7800DFCCCB = {
			isa = PBXGroup;
			children = (
				1662F78A15DFDFCB00DFCCCB /* AddressBook.framework */,
				1662F77E15DFDF7800DFCCCB /* contacts */,
				1662F77B15DFDF7800DFCCCB /* Frameworks */,
				1662F77915DFDF7800DFCCCB /* Products */,
			);
			sourceTree = "<group>";
		};
		1662F77915DFDF7800DFCCCB /* Products */ = {
			isa = PBXGroup;
			children = (
				1662F77815DFDF7800DFCCCB /* contacts */,
			);
			name = Products;
			sourceTree = "<group>";
		};
		1662F77B15DFDF7800DFCCCB /* Frameworks */ = {
			isa = PBXGroup;
			children = (
				C4710B6B25F2BD5A0093D31F /* Contacts.framework */,
				1662F77C15DFDF7800DFCCCB /* Foundation.framework */,
			);
			name = Frameworks;
			sourceTree = "<group>";
		};
		1662F77E15DFDF7800DFCCCB /* contacts */ = {
			isa = PBXGroup;
			children = (
				1623592515E183DD007BFA78 /* contacts.1.ronn */,
				1662F77F15DFDF7800DFCCCB /* contacts.m */,
				1662F78315DFDF7900DFCCCB /* contacts.1 */,
				1662F78115DFDF7800DFCCCB /* Supporting Files */,
			);
			path = contacts;
			sourceTree = "<group>";
		};
		1662F78115DFDF7800DFCCCB /* Supporting Files */ = {
			isa = PBXGroup;
			children = (
				16AA388317242DDA0097A235 /* Info-template.plist */,
				1623591E15E164AD007BFA78 /* Info.plist */,
				1662F78215DFDF7800DFCCCB /* contacts-Prefix.pch */,
			);
			name = "Supporting Files";
			sourceTree = "<group>";
		};
/* End PBXGroup section */

/* Begin PBXNativeTarget section */
		1662F77715DFDF7800DFCCCB /* contacts */ = {
			isa = PBXNativeTarget;
			buildConfigurationList = 1662F78715DFDF7900DFCCCB /* Build configuration list for PBXNativeTarget "contacts" */;
			buildPhases = (
				1662F77415DFDF7800DFCCCB /* Sources */,
				1662F77515DFDF7800DFCCCB /* Frameworks */,
				1662F77615DFDF7800DFCCCB /* CopyFiles */,
			);
			buildRules = (
			);
			dependencies = (
				16BCB1C317241960002F740A /* PBXTargetDependency */,
			);
			name = contacts;
			productName = contacts;
			productReference = 1662F77815DFDF7800DFCCCB /* contacts */;
			productType = "com.apple.product-type.tool";
		};
/* End PBXNativeTarget section */

/* Begin PBXProject section */
		1662F76F15DFDF7800DFCCCB /* Project object */ = {
			isa = PBXProject;
			attributes = {
				LastUpgradeCheck = 1240;
				ORGANIZATIONNAME = "Tim Gray";
			};
			buildConfigurationList = 1662F77215DFDF7800DFCCCB /* Build configuration list for PBXProject "contacts" */;
			compatibilityVersion = "Xcode 3.2";
			developmentRegion = en;
			hasScannedForEncodings = 0;
			knownRegions = (
				en,
				Base,
			);
			mainGroup = 1662F76D15DFDF7800DFCCCB;
			productRefGroup = 1662F77915DFDF7800DFCCCB /* Products */;
			projectDirPath = "";
			projectRoot = "";
			targets = (
				1662F77715DFDF7800DFCCCB /* contacts */,
				16BCB1BD1724183C002F740A /* Version Number Scripts */,
			);
		};
/* End PBXProject section */

/* Begin PBXShellScriptBuildPhase section */
		16BCB1C11724184C002F740A /* ShellScript */ = {
			isa = PBXShellScriptBuildPhase;
			buildActionMask = 2147483647;
			files = (
			);
			inputPaths = (
			);
			outputPaths = (
			);
			runOnlyForDeploymentPostprocessing = 0;
			shellPath = /bin/sh;
			shellScript = "#!/bin/sh -\n\n# build data file that is included in the source\n# so we can automatically report Git repo information\n# in the application\n\nif [[ ! -d \".git\" ]]; then\nlastRepoTag=`cat VERSION | grep version | awk '{print $2}'`\nlastCommitHash=`cat VERSION | grep commit | awk '{print $2}'`\nelse\necho \"Building file\"\n\n# cd ${PROJECT_DIR}/${PROJECT_NAME}\ngitDataFile=\"${CONFIGURATION_TEMP_DIR}/gitDataAutoGenerated.h\"\n\necho \"Get Information from system\"\n\n# Date and time that we are running this build\nbuildDate=`date \"+%F %H:%M:%S\"`\n\n# Current branch in use\ncurrentBranchTemp=`git rev-parse --abbrev-ref HEAD`\nif [ -n \"$currentBranchTemp\" ]\nthen\ncurrentBranch=$currentBranchTemp\nelse\ncurrentBranch=\"\"\nfi\n\n# Last hash from the current branch\nlastCommitHashTemp=`git rev-parse --short HEAD`\nif [ -n \"$lastCommitHashTemp\" ]\nthen\nlastCommitHash=$lastCommitHashTemp\nelse\nlastCommitHash=\"\"\nfi\n\n# Date and time of the last commit on this branch\nlastCommitDateTemp=`git log --pretty=format:\"%ad\" --date=short -1`\nif [ -n \"$\" ]\nthen\nlastCommitDate=$lastCommitDateTemp\nelse\nlastCommitDate=\"\"\nfi\n\n# Comment from the last commit on this branch\nlastCommitCommentTemp=`git log --pretty=format:\"%s\" -1`\nif [ -n \"$\" ]\nthen\nlastCommitComment=$lastCommitCommentTemp\nelse\nlastCommitComment=\"\"\nfi\n\n# Last tag applied to this branch\nlastRepoTagTemp=`git describe --abbrev=0 --tags`\nif [ -n \"$lastRepoTagTemp\" ]\nthen\nlastRepoTag=$lastRepoTagTemp\nelse\nlastRepoTag=\"0.0.0\"\nfi\n\n# Version number from VERSIONS file\nversionFileVersionTemp=`cat VERSION | grep version | awk '{print $2}'`\nif [ -n \"$versionFileVersionTemp\" ]\nthen\nversionFileVersion=$versionFileVersionTemp\nelse\nversionFileVersion=\"0.0.0\"\nfi\n\n# Test version numbers\nvertest=`perl -e '($a,$b)=@ARGV; for ($a,$b) {s/(\\d+)/sprintf \"%5d\", $1/ge}; print $a cmp $b;' $lastRepoTag $versionFileVersionTemp`\n\nif [[ \"$vertest\" -eq -1 ]]; then\nversionNumber=$versionFileVersionTemp\nelse\nversionNumber=$lastRepoTag\nfi\n\n# Build the file with all the information in it\necho \"Create header file\"\n\necho \"//-----------------------------------------\" > $gitDataFile\necho \"// Auto generated file\" >> $gitDataFile\necho \"// Created $buildDate\" >> $gitDataFile\necho \"//-----------------------------------------\" >> $gitDataFile\necho \"\" >> $gitDataFile\necho \"#define BUILD_DATE              @ \\\"$buildDate\\\"\" >> $gitDataFile\necho \"#define GIT_CURRENT_BRANCH      @ \\\"$currentBranch\\\"\" >> $gitDataFile\necho \"#define GIT_LAST_COMMIT_HASH    @ \\\"$lastCommitHash\\\"\" >> $gitDataFile\necho \"#define GIT_LAST_COMMIT_DATE    @ \\\"$lastCommitDate\\\"\" >> $gitDataFile\necho \"#define GIT_LAST_COMMIT_COMMENT @ \\\"$lastCommitComment\\\"\" >> $gitDataFile\necho \"#define GIT_LAST_REPO_TAG       @ \\\"$lastRepoTag\\\"\" >> $gitDataFile\necho \"#define VERSION_FILE_VERSION    @ \\\"$versionFileVersion\\\"\" >> $gitDataFile\necho \"#define AUTOVERSION $versionNumber\" >> $gitDataFile\nfi\n\n\necho \"Create temporary Info.plist\"\n# Make my own Info.plist file\nPLIST=\"${PROJECT_DIR}/${PROJECT_NAME}/Info\"\ncp \"${PROJECT_DIR}/${PROJECT_NAME}/Info-template.plist\" ${PLIST}.plist\n\n# defaults write \"${PLIST}\" CFBundleShortVersionString ${lastRepoTag}\n# defaults write \"${PLIST}\" CFBundleVersion ${lastCommitHash}\n/usr/libexec/PlistBuddy -c \"Set CFBundleShortVersionString ${versionNumber}\" \"${PLIST}.plist\"\n/usr/libexec/PlistBuddy -c \"Set CFBundleVersion ${lastCommitHash}\" \"${PLIST}.plist\"\n\ndefaults read \"${PLIST}\"\n";
			showEnvVarsInLog = 0;
		};
/* End PBXShellScriptBuildPhase section */

/* Begin PBXSourcesBuildPhase section */
		1662F77415DFDF7800DFCCCB /* Sources */ = {
			isa = PBXSourcesBuildPhase;
			buildActionMask = 2147483647;
			files = (
				1662F78015DFDF7800DFCCCB /* contacts.m in Sources */,
			);
			runOnlyForDeploymentPostprocessing = 0;
		};
/* End PBXSourcesBuildPhase section */

/* Begin PBXTargetDependency section */
		16BCB1C317241960002F740A /* PBXTargetDependency */ = {
			isa = PBXTargetDependency;
			target = 16BCB1BD1724183C002F740A /* Version Number Scripts */;
			targetProxy = 16BCB1C217241960002F740A /* PBXContainerItemProxy */;
		};
/* End PBXTargetDependency section */

/* Begin XCBuildConfiguration section */
		1662F78515DFDF7900DFCCCB /* Debug */ = {
			isa = XCBuildConfiguration;
			buildSettings = {
				ALWAYS_SEARCH_USER_PATHS = NO;
				CLANG_ANALYZER_LOCALIZABILITY_NONLOCALIZED = YES;
				CLANG_CXX_LANGUAGE_STANDARD = "gnu++0x";
				CLANG_ENABLE_OBJC_ARC = YES;
				CLANG_WARN_BLOCK_CAPTURE_AUTORELEASING = YES;
				CLANG_WARN_BOOL_CONVERSION = YES;
				CLANG_WARN_COMMA = YES;
				CLANG_WARN_CONSTANT_CONVERSION = YES;
				CLANG_WARN_DEPRECATED_OBJC_IMPLEMENTATIONS = YES;
				CLANG_WARN_EMPTY_BODY = YES;
				CLANG_WARN_ENUM_CONVERSION = YES;
				CLANG_WARN_INFINITE_RECURSION = YES;
				CLANG_WARN_INT_CONVERSION = YES;
				CLANG_WARN_NON_LITERAL_NULL_CONVERSION = YES;
				CLANG_WARN_OBJC_IMPLICIT_RETAIN_SELF = YES;
				CLANG_WARN_OBJC_LITERAL_CONVERSION = YES;
				CLANG_WARN_QUOTED_INCLUDE_IN_FRAMEWORK_HEADER = YES;
				CLANG_WARN_RANGE_LOOP_ANALYSIS = YES;
				CLANG_WARN_STRICT_PROTOTYPES = YES;
				CLANG_WARN_SUSPICIOUS_MOVE = YES;
				CLANG_WARN_UNREACHABLE_CODE = YES;
				CLANG_WARN__DUPLICATE_METHOD_MATCH = YES;
				COPY_PHASE_STRIP = NO;
				ENABLE_STRICT_OBJC_MSGSEND = YES;
				ENABLE_TESTABILITY = YES;
				GCC_C_LANGUAGE_STANDARD = gnu99;
				GCC_DYNAMIC_NO_PIC = NO;
				GCC_ENABLE_OBJC_EXCEPTIONS = YES;
				GCC_NO_COMMON_BLOCKS = YES;
				GCC_OPTIMIZATION_LEVEL = 0;
				GCC_PREPROCESSOR_DEFINITIONS = (
					"DEBUG=1",
					"$(inherited)",
				);
				GCC_SYMBOLS_PRIVATE_EXTERN = NO;
				GCC_WARN_64_TO_32_BIT_CONVERSION = YES;
				GCC_WARN_ABOUT_RETURN_TYPE = YES;
				GCC_WARN_UNDECLARED_SELECTOR = YES;
				GCC_WARN_UNINITIALIZED_AUTOS = YES;
				GCC_WARN_UNUSED_FUNCTION = YES;
				GCC_WARN_UNUSED_VARIABLE = YES;
				MACOSX_DEPLOYMENT_TARGET = 10.9;
				ONLY_ACTIVE_ARCH = YES;
				SDKROOT = macosx;
			};
			name = Debug;
		};
		1662F78615DFDF7900DFCCCB /* Release */ = {
			isa = XCBuildConfiguration;
			buildSettings = {
				ALWAYS_SEARCH_USER_PATHS = NO;
				CLANG_ANALYZER_LOCALIZABILITY_NONLOCALIZED = YES;
				CLANG_CXX_LANGUAGE_STANDARD = "gnu++0x";
				CLANG_ENABLE_OBJC_ARC = YES;
				CLANG_WARN_BLOCK_CAPTURE_AUTORELEASING = YES;
				CLANG_WARN_BOOL_CONVERSION = YES;
				CLANG_WARN_COMMA = YES;
				CLANG_WARN_CONSTANT_CONVERSION = YES;
				CLANG_WARN_DEPRECATED_OBJC_IMPLEMENTATIONS = YES;
				CLANG_WARN_EMPTY_BODY = YES;
				CLANG_WARN_ENUM_CONVERSION = YES;
				CLANG_WARN_INFINITE_RECURSION = YES;
				CLANG_WARN_INT_CONVERSION = YES;
				CLANG_WARN_NON_LITERAL_NULL_CONVERSION = YES;
				CLANG_WARN_OBJC_IMPLICIT_RETAIN_SELF = YES;
				CLANG_WARN_OBJC_LITERAL_CONVERSION = YES;
				CLANG_WARN_QUOTED_INCLUDE_IN_FRAMEWORK_HEADER = YES;
				CLANG_WARN_RANGE_LOOP_ANALYSIS = YES;
				CLANG_WARN_STRICT_PROTOTYPES = YES;
				CLANG_WARN_SUSPICIOUS_MOVE = YES;
				CLANG_WARN_UNREACHABLE_CODE = YES;
				CLANG_WARN__DUPLICATE_METHOD_MATCH = YES;
				COPY_PHASE_STRIP = YES;
				DEBUG_INFORMATION_FORMAT = "dwarf-with-dsym";
				ENABLE_STRICT_OBJC_MSGSEND = YES;
				GCC_C_LANGUAGE_STANDARD = gnu99;
				GCC_ENABLE_OBJC_EXCEPTIONS = YES;
				GCC_NO_COMMON_BLOCKS = YES;
				GCC_WARN_64_TO_32_BIT_CONVERSION = YES;
				GCC_WARN_ABOUT_RETURN_TYPE = YES;
				GCC_WARN_UNDECLARED_SELECTOR = YES;
				GCC_WARN_UNINITIALIZED_AUTOS = YES;
				GCC_WARN_UNUSED_FUNCTION = YES;
				GCC_WARN_UNUSED_VARIABLE = YES;
				MACOSX_DEPLOYMENT_TARGET = 10.9;
				SDKROOT = macosx;
			};
			name = Release;
		};
		1662F78815DFDF7900DFCCCB /* Debug */ = {
			isa = XCBuildConfiguration;
			buildSettings = {
				CODE_SIGN_IDENTITY = "-";
				GCC_PRECOMPILE_PREFIX_HEADER = YES;
				GCC_PREFIX_HEADER = "contacts/contacts-Prefix.pch";
				INFOPLIST_FILE = contacts/Info.plist;
				INFOPLIST_PREFIX_HEADER = "${PROJECT_DIR}/${PROJECT_NAME}/gitDataAutoGenerated.h";
				INFOPLIST_PREPROCESS = NO;
				MACOSX_DEPLOYMENT_TARGET = 10.9;
				OTHER_LDFLAGS = (
					"-sectcreate",
					__TEXT,
					__info_plist,
					"\"$(INFOPLIST_FILE)\"",
				);
				PRODUCT_BUNDLE_IDENTIFIER = com.protozoic.contacts;
				PRODUCT_NAME = "$(TARGET_NAME)";
			};
			name = Debug;
		};
		1662F78915DFDF7900DFCCCB /* Release */ = {
			isa = XCBuildConfiguration;
			buildSettings = {
				CODE_SIGN_IDENTITY = "-";
				GCC_PRECOMPILE_PREFIX_HEADER = YES;
				GCC_PREFIX_HEADER = "contacts/contacts-Prefix.pch";
				INFOPLIST_FILE = contacts/Info.plist;
				INFOPLIST_PREFIX_HEADER = "${PROJECT_DIR}/${PROJECT_NAME}/gitDataAutoGenerated.h";
				INFOPLIST_PREPROCESS = NO;
				MACOSX_DEPLOYMENT_TARGET = 10.9;
				OTHER_LDFLAGS = (
					"-sectcreate",
					__TEXT,
					__info_plist,
					"\"$(INFOPLIST_FILE)\"",
				);
				PRODUCT_BUNDLE_IDENTIFIER = com.protozoic.contacts;
				PRODUCT_NAME = "$(TARGET_NAME)";
			};
			name = Release;
		};
		16BCB1BF1724183C002F740A /* Debug */ = {
			isa = XCBuildConfiguration;
			buildSettings = {
				COMBINE_HIDPI_IMAGES = YES;
				PRODUCT_NAME = "$(TARGET_NAME)";
			};
			name = Debug;
		};
		16BCB1C01724183C002F740A /* Release */ = {
			isa = XCBuildConfiguration;
			buildSettings = {
				COMBINE_HIDPI_IMAGES = YES;
				PRODUCT_NAME = "$(TARGET_NAME)";
			};
			name = Release;
		};
/* End XCBuildConfiguration section */

/* Begin XCConfigurationList section */
		1662F77215DFDF7800DFCCCB /* Build configuration list for PBXProject "contacts" */ = {
			isa = XCConfigurationList;
			buildConfigurations = (
				1662F78515DFDF7900DFCCCB /* Debug */,
				1662F78615DFDF7900DFCCCB /* Release */,
			);
			defaultConfigurationIsVisible = 0;
			defaultConfigurationName = Release;
		};
		1662F78715DFDF7900DFCCCB /* Build configuration list for PBXNativeTarget "contacts" */ = {
			isa = XCConfigurationList;
			buildConfigurations = (
				1662F78815DFDF7900DFCCCB /* Debug */,
				1662F78915DFDF7900DFCCCB /* Release */,
			);
			defaultConfigurationIsVisible = 0;
			defaultConfigurationName = Release;
		};
		16BCB1BE1724183C002F740A /* Build configuration list for PBXAggregateTarget "Version Number Scripts" */ = {
			isa = XCConfigurationList;
			buildConfigurations = (
				16BCB1BF1724183C002F740A /* Debug */,
				16BCB1C01724183C002F740A /* Release */,
			);
			defaultConfigurationIsVisible = 0;
			defaultConfigurationName = Release;
		};
/* End XCConfigurationList section */
	};
	rootObject = 1662F76F15DFDF7800DFCCCB /* Project object */;
}
